
Microsoft Visual Studio Solution File, Format Version 12.00
# Visual Studio Version 17
VisualStudioVersion = 17.6.33815.320
MinimumVisualStudioVersion = 10.0.40219.1
Project("{9A19103F-16F7-4668-BE54-9A1E7A4F7556}") = "BusinessCard.Domain", "BusinessCard.Domain\BusinessCard.Domain.csproj", "{8AEB86D5-D02B-40CB-B20E-56211A343AE2}"
EndProject
Project("{9A19103F-16F7-4668-BE54-9A1E7A4F7556}") = "BusinessCard.Tests", "BusinessCard.Domain.Tests\BusinessCard.Tests.csproj", "{11A5E053-4D08-4542-B61F-2009DFE8E79A}"
EndProject
Project("{9A19103F-16F7-4668-BE54-9A1E7A4F7556}") = "BusinessCard.Infrastructure", "BusinessCard.Infrastructure\BusinessCard.Infrastructure.csproj", "{9D73A02E-CF4D-40D3-840A-F67C0E72668E}"
EndProject
Project("{FAE04EC0-301F-11D3-BF4B-00C04F79EFBC}") = "BusinessCard.API", "BusinessCard.API\BusinessCard.API.csproj", "{FF2F5CA0-B3F0-4017-BE00-41D56135C27F}"
EndProject
Project("{2150E333-8FDC-42A3-9474-1A3956D46DE8}") = "Services", "Services", "{627161FF-58E4-4126-9B54-8F5C2EC7CD04}"
EndProject
Project("{2150E333-8FDC-42A3-9474-1A3956D46DE8}") = "Tests", "Tests", "{5EBE7200-0198-4CD5-92E2-22ABB07BE2D8}"
EndProject
Project("{FAE04EC0-301F-11D3-BF4B-00C04F79EFBC}") = "BusinessCard.Application.Tests.", "BusinessCard.Application.Tests\BusinessCard.Application.Tests\BusinessCard.Application.Tests..csproj", "{89ACC537-A638-46A1-AF82-CB19C3B9243A}"
EndProject
Global
	GlobalSection(SolutionConfigurationPlatforms) = preSolution
		Debug|Any CPU = Debug|Any CPU
		Release|Any CPU = Release|Any CPU
	EndGlobalSection
	GlobalSection(ProjectConfigurationPlatforms) = postSolution
		{8AEB86D5-D02B-40CB-B20E-56211A343AE2}.Debug|Any CPU.ActiveCfg = Debug|Any CPU
		{8AEB86D5-D02B-40CB-B20E-56211A343AE2}.Debug|Any CPU.Build.0 = Debug|Any CPU
		{8AEB86D5-D02B-40CB-B20E-56211A343AE2}.Release|Any CPU.ActiveCfg = Release|Any CPU
		{8AEB86D5-D02B-40CB-B20E-56211A343AE2}.Release|Any CPU.Build.0 = Release|Any CPU
		{11A5E053-4D08-4542-B61F-2009DFE8E79A}.Debug|Any CPU.ActiveCfg = Debug|Any CPU
		{11A5E053-4D08-4542-B61F-2009DFE8E79A}.Debug|Any CPU.Build.0 = Debug|Any CPU
		{11A5E053-4D08-4542-B61F-2009DFE8E79A}.Release|Any CPU.ActiveCfg = Release|Any CPU
		{11A5E053-4D08-4542-B61F-2009DFE8E79A}.Release|Any CPU.Build.0 = Release|Any CPU
		{9D73A02E-CF4D-40D3-840A-F67C0E72668E}.Debug|Any CPU.ActiveCfg = Debug|Any CPU
		{9D73A02E-CF4D-40D3-840A-F67C0E72668E}.Debug|Any CPU.Build.0 = Debug|Any CPU
		{9D73A02E-CF4D-40D3-840A-F67C0E72668E}.Release|Any CPU.ActiveCfg = Release|Any CPU
		{9D73A02E-CF4D-40D3-840A-F67C0E72668E}.Release|Any CPU.Build.0 = Release|Any CPU
		{FF2F5CA0-B3F0-4017-BE00-41D56135C27F}.Debug|Any CPU.ActiveCfg = Debug|Any CPU
		{FF2F5CA0-B3F0-4017-BE00-41D56135C27F}.Debug|Any CPU.Build.0 = Debug|Any CPU
		{FF2F5CA0-B3F0-4017-BE00-41D56135C27F}.Release|Any CPU.ActiveCfg = Release|Any CPU
		{FF2F5CA0-B3F0-4017-BE00-41D56135C27F}.Release|Any CPU.Build.0 = Release|Any CPU
		{89ACC537-A638-46A1-AF82-CB19C3B9243A}.Debug|Any CPU.ActiveCfg = Debug|Any CPU
		{89ACC537-A638-46A1-AF82-CB19C3B9243A}.Debug|Any CPU.Build.0 = Debug|Any CPU
		{89ACC537-A638-46A1-AF82-CB19C3B9243A}.Release|Any CPU.ActiveCfg = Release|Any CPU
		{89ACC537-A638-46A1-AF82-CB19C3B9243A}.Release|Any CPU.Build.0 = Release|Any CPU
	EndGlobalSection
	GlobalSection(SolutionProperties) = preSolution
		HideSolutionNode = FALSE
	EndGlobalSection
	GlobalSection(ExtensibilityGlobals) = postSolution
		SolutionGuid = {B14630CA-BA53-445A-8507-369A58154D2D}
	EndGlobalSection
	GlobalSection(NestedProjects) = preSolution
		{FF2F5CA0-B3F0-4017-BE00-41D56135C27F} = {627161FF-58E4-4126-9B54-8F5C2EC7CD04}
		{8AEB86D5-D02B-40CB-B20E-56211A343AE2} = {627161FF-58E4-4126-9B54-8F5C2EC7CD04}
		{9D73A02E-CF4D-40D3-840A-F67C0E72668E} = {627161FF-58E4-4126-9B54-8F5C2EC7CD04}
		{11A5E053-4D08-4542-B61F-2009DFE8E79A} = {5EBE7200-0198-4CD5-92E2-22ABB07BE2D8}
		{89ACC537-A638-46A1-AF82-CB19C3B9243A} = {5EBE7200-0198-4CD5-92E2-22ABB07BE2D8}
	EndGlobalSection
EndGlobal
